
Microsoft Visual Studio Solution File, Format Version 12.00
# Visual Studio Version 17
VisualStudioVersion = 17.9.34622.214
MinimumVisualStudioVersion = 10.0.40219.1
Project("{FAE04EC0-301F-11D3-BF4B-00C04F79EFBC}") = "MatchingGame", "MatchingGame\MatchingGame.csproj", "{C37DE0EA-D146-475B-B503-F2214EAC4C68}"
EndProject
Global
	GlobalSection(SolutionConfigurationPlatforms) = preSolution
		Debug|Any CPU = Debug|Any CPU
		Release|Any CPU = Release|Any CPU
	EndGlobalSection
	GlobalSection(ProjectConfigurationPlatforms) = postSolution
		{C37DE0EA-D146-475B-B503-F2214EAC4C68}.Debug|Any CPU.ActiveCfg = Debug|Any CPU
		{C37DE0EA-D146-475B-B503-F2214EAC4C68}.Debug|Any CPU.Build.0 = Debug|Any CPU
		{C37DE0EA-D146-475B-B503-F2214EAC4C68}.Release|Any CPU.ActiveCfg = Release|Any CPU
		{C37DE0EA-D146-475B-B503-F2214EAC4C68}.Release|Any CPU.Build.0 = Release|Any CPU
	EndGlobalSection
	GlobalSection(SolutionProperties) = preSolution
		HideSolutionNode = FALSE
	EndGlobalSection
	GlobalSection(ExtensibilityGlobals) = postSolution
		SolutionGuid = {38F2F44A-9C5D-4121-8AD4-E60608DCEDFE}
	EndGlobalSection
EndGlobal
