
Microsoft Visual Studio Solution File, Format Version 12.00
# Visual Studio Version 17
VisualStudioVersion = 17.9.34622.214
MinimumVisualStudioVersion = 10.0.40219.1
Project("{FAE04EC0-301F-11D3-BF4B-00C04F79EFBC}") = "MathQuiz", "MathQuiz\MathQuiz.csproj", "{CA0F19E1-A9B4-4969-820F-EF997075B933}"
EndProject
Global
	GlobalSection(SolutionConfigurationPlatforms) = preSolution
		Debug|Any CPU = Debug|Any CPU
		Release|Any CPU = Release|Any CPU
	EndGlobalSection
	GlobalSection(ProjectConfigurationPlatforms) = postSolution
		{CA0F19E1-A9B4-4969-820F-EF997075B933}.Debug|Any CPU.ActiveCfg = Debug|Any CPU
		{CA0F19E1-A9B4-4969-820F-EF997075B933}.Debug|Any CPU.Build.0 = Debug|Any CPU
		{CA0F19E1-A9B4-4969-820F-EF997075B933}.Release|Any CPU.ActiveCfg = Release|Any CPU
		{CA0F19E1-A9B4-4969-820F-EF997075B933}.Release|Any CPU.Build.0 = Release|Any CPU
	EndGlobalSection
	GlobalSection(SolutionProperties) = preSolution
		HideSolutionNode = FALSE
	EndGlobalSection
	GlobalSection(ExtensibilityGlobals) = postSolution
		SolutionGuid = {5F8CE709-7C2A-4AD8-B1A3-D85DABD4B3E9}
	EndGlobalSection
EndGlobal
